
Microsoft Visual Studio Solution File, Format Version 12.00
# Visual Studio Version 17
VisualStudioVersion = 17.8.34316.72
MinimumVisualStudioVersion = 10.0.40219.1
Project("{9A19103F-16F7-4668-BE54-9A1E7A4F7556}") = "AutoWire.MicrosoftDependencyInjection", "src\AutoWire.MicrosoftDependencyInjection\AutoWire.MicrosoftDependencyInjection.csproj", "{68579C20-46A5-4925-B07E-648384137542}"
EndProject
Project("{9A19103F-16F7-4668-BE54-9A1E7A4F7556}") = "AutoWire.Contract", "src\AutoWire.Contract\AutoWire.Contract.csproj", "{AC580F78-BA22-4EC3-8369-6002A3DA3224}"
EndProject
Project("{2150E333-8FDC-42A3-9474-1A3956D46DE8}") = "Externals", "Externals", "{1C669FAF-8ED3-4F5D-BA8A-FA872274F0BD}"
EndProject
Project("{9A19103F-16F7-4668-BE54-9A1E7A4F7556}") = "AssembleMe.Abstractions", "..\AssembleMe\src\AssembleMe.Abstractions\AssembleMe.Abstractions.csproj", "{95BFA43A-CDDB-4F9C-A678-AD4E796A4C13}"
EndProject
Global
	GlobalSection(SolutionConfigurationPlatforms) = preSolution
		Debug|Any CPU = Debug|Any CPU
		Release|Any CPU = Release|Any CPU
	EndGlobalSection
	GlobalSection(ProjectConfigurationPlatforms) = postSolution
		{68579C20-46A5-4925-B07E-648384137542}.Debug|Any CPU.ActiveCfg = Debug|Any CPU
		{68579C20-46A5-4925-B07E-648384137542}.Debug|Any CPU.Build.0 = Debug|Any CPU
		{68579C20-46A5-4925-B07E-648384137542}.Release|Any CPU.ActiveCfg = Release|Any CPU
		{68579C20-46A5-4925-B07E-648384137542}.Release|Any CPU.Build.0 = Release|Any CPU
		{AC580F78-BA22-4EC3-8369-6002A3DA3224}.Debug|Any CPU.ActiveCfg = Debug|Any CPU
		{AC580F78-BA22-4EC3-8369-6002A3DA3224}.Debug|Any CPU.Build.0 = Debug|Any CPU
		{AC580F78-BA22-4EC3-8369-6002A3DA3224}.Release|Any CPU.ActiveCfg = Release|Any CPU
		{AC580F78-BA22-4EC3-8369-6002A3DA3224}.Release|Any CPU.Build.0 = Release|Any CPU
		{95BFA43A-CDDB-4F9C-A678-AD4E796A4C13}.Debug|Any CPU.ActiveCfg = Debug|Any CPU
		{95BFA43A-CDDB-4F9C-A678-AD4E796A4C13}.Debug|Any CPU.Build.0 = Debug|Any CPU
		{95BFA43A-CDDB-4F9C-A678-AD4E796A4C13}.Release|Any CPU.ActiveCfg = Release|Any CPU
		{95BFA43A-CDDB-4F9C-A678-AD4E796A4C13}.Release|Any CPU.Build.0 = Release|Any CPU
	EndGlobalSection
	GlobalSection(SolutionProperties) = preSolution
		HideSolutionNode = FALSE
	EndGlobalSection
	GlobalSection(NestedProjects) = preSolution
		{95BFA43A-CDDB-4F9C-A678-AD4E796A4C13} = {1C669FAF-8ED3-4F5D-BA8A-FA872274F0BD}
	EndGlobalSection
	GlobalSection(ExtensibilityGlobals) = postSolution
		SolutionGuid = {44072A58-A4BF-40B0-9C8B-1D17FE6EF962}
	EndGlobalSection
EndGlobal
